// !$*UTF8*$!
{
	archiveVersion = 1;
	classes = {
	};
	objectVersion = 50;
	objects = {

/* Begin PBXBuildFile section */
		FA94DD14232C9CF20049434A /* AppDelegate.swift in Sources */ = {isa = PBXBuildFile; fileRef = FA94DD13232C9CF20049434A /* AppDelegate.swift */; };
		FA94DD19232C9CF20049434A /* Main.storyboard in Resources */ = {isa = PBXBuildFile; fileRef = FA94DD17232C9CF20049434A /* Main.storyboard */; };
		FA94DD1B232C9CF50049434A /* Assets.xcassets in Resources */ = {isa = PBXBuildFile; fileRef = FA94DD1A232C9CF50049434A /* Assets.xcassets */; };
		FA94DD1E232C9CF50049434A /* LaunchScreen.storyboard in Resources */ = {isa = PBXBuildFile; fileRef = FA94DD1C232C9CF50049434A /* LaunchScreen.storyboard */; };
		FA94DD2E232CD20F0049434A /* MainController.swift in Sources */ = {isa = PBXBuildFile; fileRef = FA94DD2D232CD20F0049434A /* MainController.swift */; };
		FA94DD30232CD5090049434A /* ModalController.swift in Sources */ = {isa = PBXBuildFile; fileRef = FA94DD2F232CD5090049434A /* ModalController.swift */; };
		FA94DD32232CE3890049434A /* CustomButton.swift in Sources */ = {isa = PBXBuildFile; fileRef = FA94DD31232CE3890049434A /* CustomButton.swift */; };
		FA94DD34232CF4430049434A /* Extension.swift in Sources */ = {isa = PBXBuildFile; fileRef = FA94DD33232CF4430049434A /* Extension.swift */; };
/* End PBXBuildFile section */

/* Begin PBXFileReference section */
		FA94DD10232C9CF20049434A /* ModalWindow.app */ = {isa = PBXFileReference; explicitFileType = wrapper.application; includeInIndex = 0; path = ModalWindow.app; sourceTree = BUILT_PRODUCTS_DIR; };
		FA94DD13232C9CF20049434A /* AppDelegate.swift */ = {isa = PBXFileReference; lastKnownFileType = sourcecode.swift; path = AppDelegate.swift; sourceTree = "<group>"; };
		FA94DD18232C9CF20049434A /* Base */ = {isa = PBXFileReference; lastKnownFileType = file.storyboard; name = Base; path = Base.lproj/Main.storyboard; sourceTree = "<group>"; };
		FA94DD1A232C9CF50049434A /* Assets.xcassets */ = {isa = PBXFileReference; lastKnownFileType = folder.assetcatalog; path = Assets.xcassets; sourceTree = "<group>"; };
		FA94DD1D232C9CF50049434A /* Base */ = {isa = PBXFileReference; lastKnownFileType = file.storyboard; name = Base; path = Base.lproj/LaunchScreen.storyboard; sourceTree = "<group>"; };
		FA94DD1F232C9CF50049434A /* Info.plist */ = {isa = PBXFileReference; lastKnownFileType = text.plist.xml; path = Info.plist; sourceTree = "<group>"; };
		FA94DD2D232CD20F0049434A /* MainController.swift */ = {isa = PBXFileReference; lastKnownFileType = sourcecode.swift; path = MainController.swift; sourceTree = "<group>"; };
		FA94DD2F232CD5090049434A /* ModalController.swift */ = {isa = PBXFileReference; lastKnownFileType = sourcecode.swift; path = ModalController.swift; sourceTree = "<group>"; };
		FA94DD31232CE3890049434A /* CustomButton.swift */ = {isa = PBXFileReference; lastKnownFileType = sourcecode.swift; path = CustomButton.swift; sourceTree = "<group>"; };
		FA94DD33232CF4430049434A /* Extension.swift */ = {isa = PBXFileReference; lastKnownFileType = sourcecode.swift; path = Extension.swift; sourceTree = "<group>"; };
/* End PBXFileReference section */

/* Begin PBXFrameworksBuildPhase section */
		FA94DD0D232C9CF20049434A /* Frameworks */ = {
			isa = PBXFrameworksBuildPhase;
			buildActionMask = 2147483647;
			files = (
			);
			runOnlyForDeploymentPostprocessing = 0;
		};
/* End PBXFrameworksBuildPhase section */

/* Begin PBXGroup section */
		FA94DD07232C9CF20049434A = {
			isa = PBXGroup;
			children = (
				FA94DD12232C9CF20049434A /* ModalWindow */,
				FA94DD11232C9CF20049434A /* Products */,
			);
			sourceTree = "<group>";
		};
		FA94DD11232C9CF20049434A /* Products */ = {
			isa = PBXGroup;
			children = (
				FA94DD10232C9CF20049434A /* ModalWindow.app */,
			);
			name = Products;
			sourceTree = "<group>";
		};
		FA94DD12232C9CF20049434A /* ModalWindow */ = {
			isa = PBXGroup;
			children = (
				FA94DD13232C9CF20049434A /* AppDelegate.swift */,
				FA94DD17232C9CF20049434A /* Main.storyboard */,
				FA94DD1A232C9CF50049434A /* Assets.xcassets */,
				FA94DD1C232C9CF50049434A /* LaunchScreen.storyboard */,
				FA94DD1F232C9CF50049434A /* Info.plist */,
				FA94DD2D232CD20F0049434A /* MainController.swift */,
				FA94DD2F232CD5090049434A /* ModalController.swift */,
				FA94DD31232CE3890049434A /* CustomButton.swift */,
				FA94DD33232CF4430049434A /* Extension.swift */,
			);
			path = ModalWindow;
			sourceTree = "<group>";
		};
/* End PBXGroup section */

/* Begin PBXNativeTarget section */
		FA94DD0F232C9CF20049434A /* ModalWindow */ = {
			isa = PBXNativeTarget;
			buildConfigurationList = FA94DD22232C9CF50049434A /* Build configuration list for PBXNativeTarget "ModalWindow" */;
			buildPhases = (
				FA94DD0C232C9CF20049434A /* Sources */,
				FA94DD0D232C9CF20049434A /* Frameworks */,
				FA94DD0E232C9CF20049434A /* Resources */,
			);
			buildRules = (
			);
			dependencies = (
			);
			name = ModalWindow;
			productName = ModalWindow;
			productReference = FA94DD10232C9CF20049434A /* ModalWindow.app */;
			productType = "com.apple.product-type.application";
		};
/* End PBXNativeTarget section */

/* Begin PBXProject section */
		FA94DD08232C9CF20049434A /* Project object */ = {
			isa = PBXProject;
			attributes = {
				LastSwiftUpdateCheck = 1020;
				LastUpgradeCheck = 1020;
				ORGANIZATIONNAME = Shakhboz;
				TargetAttributes = {
					FA94DD0F232C9CF20049434A = {
						CreatedOnToolsVersion = 10.2.1;
					};
				};
			};
			buildConfigurationList = FA94DD0B232C9CF20049434A /* Build configuration list for PBXProject "ModalWindow" */;
			compatibilityVersion = "Xcode 9.3";
			developmentRegion = en;
			hasScannedForEncodings = 0;
			knownRegions = (
				en,
				Base,
			);
			mainGroup = FA94DD07232C9CF20049434A;
			productRefGroup = FA94DD11232C9CF20049434A /* Products */;
			projectDirPath = "";
			projectRoot = "";
			targets = (
				FA94DD0F232C9CF20049434A /* ModalWindow */,
			);
		};
/* End PBXProject section */

/* Begin PBXResourcesBuildPhase section */
		FA94DD0E232C9CF20049434A /* Resources */ = {
			isa = PBXResourcesBuildPhase;
			buildActionMask = 2147483647;
			files = (
				FA94DD1E232C9CF50049434A /* LaunchScreen.storyboard in Resources */,
				FA94DD1B232C9CF50049434A /* Assets.xcassets in Resources */,
				FA94DD19232C9CF20049434A /* Main.storyboard in Resources */,
			);
			runOnlyForDeploymentPostprocessing = 0;
		};
/* End PBXResourcesBuildPhase section */

/* Begin PBXSourcesBuildPhase section */
		FA94DD0C232C9CF20049434A /* Sources */ = {
			isa = PBXSourcesBuildPhase;
			buildActionMask = 2147483647;
			files = (
				FA94DD34232CF4430049434A /* Extension.swift in Sources */,
				FA94DD32232CE3890049434A /* CustomButton.swift in Sources */,
				FA94DD2E232CD20F0049434A /* MainController.swift in Sources */,
				FA94DD30232CD5090049434A /* ModalController.swift in Sources */,
				FA94DD14232C9CF20049434A /* AppDelegate.swift in Sources */,
			);
			runOnlyForDeploymentPostprocessing = 0;
		};
/* End PBXSourcesBuildPhase section */

/* Begin PBXVariantGroup section */
		FA94DD17232C9CF20049434A /* Main.storyboard */ = {
			isa = PBXVariantGroup;
			children = (
				FA94DD18232C9CF20049434A /* Base */,
			);
			name = Main.storyboard;
			sourceTree = "<group>";
		};
		FA94DD1C232C9CF50049434A /* LaunchScreen.storyboard */ = {
			isa = PBXVariantGroup;
			children = (
				FA94DD1D232C9CF50049434A /* Base */,
			);
			name = LaunchScreen.storyboard;
			sourceTree = "<group>";
		};
/* End PBXVariantGroup section */

/* Begin XCBuildConfiguration section */
		FA94DD20232C9CF50049434A /* Debug */ = {
			isa = XCBuildConfiguration;
			buildSettings = {
				ALWAYS_SEARCH_USER_PATHS = NO;
				CLANG_ANALYZER_NONNULL = YES;
				CLANG_ANALYZER_NUMBER_OBJECT_CONVERSION = YES_AGGRESSIVE;
				CLANG_CXX_LANGUAGE_STANDARD = "gnu++14";
				CLANG_CXX_LIBRARY = "libc++";
				CLANG_ENABLE_MODULES = YES;
				CLANG_ENABLE_OBJC_ARC = YES;
				CLANG_ENABLE_OBJC_WEAK = YES;
				CLANG_WARN_BLOCK_CAPTURE_AUTORELEASING = YES;
				CLANG_WARN_BOOL_CONVERSION = YES;
				CLANG_WARN_COMMA = YES;
				CLANG_WARN_CONSTANT_CONVERSION = YES;
				CLANG_WARN_DEPRECATED_OBJC_IMPLEMENTATIONS = YES;
				CLANG_WARN_DIRECT_OBJC_ISA_USAGE = YES_ERROR;
				CLANG_WARN_DOCUMENTATION_COMMENTS = YES;
				CLANG_WARN_EMPTY_BODY = YES;
				CLANG_WARN_ENUM_CONVERSION = YES;
				CLANG_WARN_INFINITE_RECURSION = YES;
				CLANG_WARN_INT_CONVERSION = YES;
				CLANG_WARN_NON_LITERAL_NULL_CONVERSION = YES;
				CLANG_WARN_OBJC_IMPLICIT_RETAIN_SELF = YES;
				CLANG_WARN_OBJC_LITERAL_CONVERSION = YES;
				CLANG_WARN_OBJC_ROOT_CLASS = YES_ERROR;
				CLANG_WARN_RANGE_LOOP_ANALYSIS = YES;
				CLANG_WARN_STRICT_PROTOTYPES = YES;
				CLANG_WARN_SUSPICIOUS_MOVE = YES;
				CLANG_WARN_UNGUARDED_AVAILABILITY = YES_AGGRESSIVE;
				CLANG_WARN_UNREACHABLE_CODE = YES;
				CLANG_WARN__DUPLICATE_METHOD_MATCH = YES;
				CODE_SIGN_IDENTITY = "iPhone Developer";
				COPY_PHASE_STRIP = NO;
				DEBUG_INFORMATION_FORMAT = dwarf;
				ENABLE_STRICT_OBJC_MSGSEND = YES;
				ENABLE_TESTABILITY = YES;
				GCC_C_LANGUAGE_STANDARD = gnu11;
				GCC_DYNAMIC_NO_PIC = NO;
				GCC_NO_COMMON_BLOCKS = YES;
				GCC_OPTIMIZATION_LEVEL = 0;
				GCC_PREPROCESSOR_DEFINITIONS = (
					"DEBUG=1",
					"$(inherited)",
				);
				GCC_WARN_64_TO_32_BIT_CONVERSION = YES;
				GCC_WARN_ABOUT_RETURN_TYPE = YES_ERROR;
				GCC_WARN_UNDECLARED_SELECTOR = YES;
				GCC_WARN_UNINITIALIZED_AUTOS = YES_AGGRESSIVE;
				GCC_WARN_UNUSED_FUNCTION = YES;
				GCC_WARN_UNUSED_VARIABLE = YES;
				IPHONEOS_DEPLOYMENT_TARGET = 12.2;
				MTL_ENABLE_DEBUG_INFO = INCLUDE_SOURCE;
				MTL_FAST_MATH = YES;
				ONLY_ACTIVE_ARCH = YES;
				SDKROOT = iphoneos;
				SWIFT_ACTIVE_COMPILATION_CONDITIONS = DEBUG;
				SWIFT_OPTIMIZATION_LEVEL = "-Onone";
			};
			name = Debug;
		};
		FA94DD21232C9CF50049434A /* Release */ = {
			isa = XCBuildConfiguration;
			buildSettings = {
				ALWAYS_SEARCH_USER_PATHS = NO;
				CLANG_ANALYZER_NONNULL = YES;
				CLANG_ANALYZER_NUMBER_OBJECT_CONVERSION = YES_AGGRESSIVE;
				CLANG_CXX_LANGUAGE_STANDARD = "gnu++14";
				CLANG_CXX_LIBRARY = "libc++";
				CLANG_ENABLE_MODULES = YES;
				CLANG_ENABLE_OBJC_ARC = YES;
				CLANG_ENABLE_OBJC_WEAK = YES;
				CLANG_WARN_BLOCK_CAPTURE_AUTORELEASING = YES;
				CLANG_WARN_BOOL_CONVERSION = YES;
				CLANG_WARN_COMMA = YES;
				CLANG_WARN_CONSTANT_CONVERSION = YES;
				CLANG_WARN_DEPRECATED_OBJC_IMPLEMENTATIONS = YES;
				CLANG_WARN_DIRECT_OBJC_ISA_USAGE = YES_ERROR;
				CLANG_WARN_DOCUMENTATION_COMMENTS = YES;
				CLANG_WARN_EMPTY_BODY = YES;
				CLANG_WARN_ENUM_CONVERSION = YES;
				CLANG_WARN_INFINITE_RECURSION = YES;
				CLANG_WARN_INT_CONVERSION = YES;
				CLANG_WARN_NON_LITERAL_NULL_CONVERSION = YES;
				CLANG_WARN_OBJC_IMPLICIT_RETAIN_SELF = YES;
				CLANG_WARN_OBJC_LITERAL_CONVERSION = YES;
				CLANG_WARN_OBJC_ROOT_CLASS = YES_ERROR;
				CLANG_WARN_RANGE_LOOP_ANALYSIS = YES;
				CLANG_WARN_STRICT_PROTOTYPES = YES;
				CLANG_WARN_SUSPICIOUS_MOVE = YES;
				CLANG_WARN_UNGUARDED_AVAILABILITY = YES_AGGRESSIVE;
				CLANG_WARN_UNREACHABLE_CODE = YES;
				CLANG_WARN__DUPLICATE_METHOD_MATCH = YES;
				CODE_SIGN_IDENTITY = "iPhone Developer";
				COPY_PHASE_STRIP = NO;
				DEBUG_INFORMATION_FORMAT = "dwarf-with-dsym";
				ENABLE_NS_ASSERTIONS = NO;
				ENABLE_STRICT_OBJC_MSGSEND = YES;
				GCC_C_LANGUAGE_STANDARD = gnu11;
				GCC_NO_COMMON_BLOCKS = YES;
				GCC_WARN_64_TO_32_BIT_CONVERSION = YES;
				GCC_WARN_ABOUT_RETURN_TYPE = YES_ERROR;
				GCC_WARN_UNDECLARED_SELECTOR = YES;
				GCC_WARN_UNINITIALIZED_AUTOS = YES_AGGRESSIVE;
				GCC_WARN_UNUSED_FUNCTION = YES;
				GCC_WARN_UNUSED_VARIABLE = YES;
				IPHONEOS_DEPLOYMENT_TARGET = 12.2;
				MTL_ENABLE_DEBUG_INFO = NO;
				MTL_FAST_MATH = YES;
				SDKROOT = iphoneos;
				SWIFT_COMPILATION_MODE = wholemodule;
				SWIFT_OPTIMIZATION_LEVEL = "-O";
				VALIDATE_PRODUCT = YES;
			};
			name = Release;
		};
		FA94DD23232C9CF50049434A /* Debug */ = {
			isa = XCBuildConfiguration;
			buildSettings = {
				ASSETCATALOG_COMPILER_APPICON_NAME = AppIcon;
				CODE_SIGN_STYLE = Automatic;
				DEVELOPMENT_TEAM = B74AQCU3R2;
				INFOPLIST_FILE = ModalWindow/Info.plist;
				LD_RUNPATH_SEARCH_PATHS = (
					"$(inherited)",
					"@executable_path/Frameworks",
				);
				PRODUCT_BUNDLE_IDENTIFIER = com.shax.ModalWindow;
				PRODUCT_NAME = "$(TARGET_NAME)";
				SWIFT_VERSION = 5.0;
				TARGETED_DEVICE_FAMILY = "1,2";
			};
			name = Debug;
		};
		FA94DD24232C9CF50049434A /* Release */ = {
			isa = XCBuildConfiguration;
			buildSettings = {
				ASSETCATALOG_COMPILER_APPICON_NAME = AppIcon;
				CODE_SIGN_STYLE = Automatic;
				DEVELOPMENT_TEAM = B74AQCU3R2;
				INFOPLIST_FILE = ModalWindow/Info.plist;
				LD_RUNPATH_SEARCH_PATHS = (
					"$(inherited)",
					"@executable_path/Frameworks",
				);
				PRODUCT_BUNDLE_IDENTIFIER = com.shax.ModalWindow;
				PRODUCT_NAME = "$(TARGET_NAME)";
				SWIFT_VERSION = 5.0;
				TARGETED_DEVICE_FAMILY = "1,2";
			};
			name = Release;
		};
/* End XCBuildConfiguration section */

/* Begin XCConfigurationList section */
		FA94DD0B232C9CF20049434A /* Build configuration list for PBXProject "ModalWindow" */ = {
			isa = XCConfigurationList;
			buildConfigurations = (
				FA94DD20232C9CF50049434A /* Debug */,
				FA94DD21232C9CF50049434A /* Release */,
			);
			defaultConfigurationIsVisible = 0;
			defaultConfigurationName = Release;
		};
		FA94DD22232C9CF50049434A /* Build configuration list for PBXNativeTarget "ModalWindow" */ = {
			isa = XCConfigurationList;
			buildConfigurations = (
				FA94DD23232C9CF50049434A /* Debug */,
				FA94DD24232C9CF50049434A /* Release */,
			);
			defaultConfigurationIsVisible = 0;
			defaultConfigurationName = Release;
		};
/* End XCConfigurationList section */
	};
	rootObject = FA94DD08232C9CF20049434A /* Project object */;
}
